schema: '2.0'
stages:
  preprocessing:
    cmd: python src/preprocessing.py --config=params.yaml
    deps:
    - path: src/preprocessing.py
      md5: 083b86b39d4d7a3fe2f081b0a9a511ba
      size: 1864
    params:
      params.yaml:
        preprocessing:
          db_level: 33
          raw_audio_pos: data/raw/cohort_1_pos.npy
          raw_audio_neg: data/raw/cohort_1_neg.npy
          processed_audio_pos: data/preprocessed/pre_cohort_1_pos.npy
          processed_audio_neg: data/preprocessed/pre_cohort_1_neg.npy
    outs:
    - path: data/preprocessed/pre_cohort_1_neg.npy
      md5: 2a1f297669c7f2553edbd5025ee03a7d
      size: 361267328
    - path: data/preprocessed/pre_cohort_1_pos.npy
      md5: c4b625adcfd8fbbec7910c86f4b2cd80
      size: 165110528
  feature_extraction:
    cmd: python src/feature_extraction.py --config=params.yaml
    deps:
    - path: data/preprocessed/pre_cohort_1_neg.npy
      md5: 2a1f297669c7f2553edbd5025ee03a7d
      size: 361267328
    - path: data/preprocessed/pre_cohort_1_pos.npy
      md5: c4b625adcfd8fbbec7910c86f4b2cd80
      size: 165110528
    - path: src/feature_extraction.py
      md5: cb8499a3703b47e12de327ed4a955ba9
      size: 4329
    params:
      params.yaml:
        audio_&_feature:
          sampling_rate: 22050
          axis: 0
          n_mfcc: 40
          n_mels: 40
          fmax: 4000
          n_chroma: 36
        feature_extraction:
          features_path: data/features/covid_features.csv
          target_column: status
        preprocessing:
          db_level: 33
          raw_audio_pos: data/raw/cohort_1_pos.npy
          raw_audio_neg: data/raw/cohort_1_neg.npy
          processed_audio_pos: data/preprocessed/pre_cohort_1_pos.npy
          processed_audio_neg: data/preprocessed/pre_cohort_1_neg.npy
    outs:
    - path: data/features/covid_features.csv
      md5: 278f7f1374df99938120924f2a5d9c1c
      size: 6882092
  data_split:
    cmd: python src/data_split.py --config=params.yaml
    deps:
    - path: data/features/covid_features.csv
      md5: 278f7f1374df99938120924f2a5d9c1c
      size: 6882092
    - path: src/data_split.py
      md5: fbd5e21768c9c6a8e4cbc3a9295977d1
      size: 956
    params:
      params.yaml:
        base:
          random_state: 42
        data_split:
          test_size: 0.2
          trainset_path: data/features/train.csv
          testset_path: data/features/test.csv
        feature_extraction:
          features_path: data/features/covid_features.csv
          target_column: status
    outs:
    - path: data/features/test.csv
      md5: 08a81511a40cfd1d9cd598047cee0041
      size: 1373444
    - path: data/features/train.csv
      md5: ddb501abd83121c3a4d2c45eb120d346
      size: 5487677
  train:
    cmd: python src/train_and_evaluate.py --config=params.yaml
    deps:
    - path: data/features/test.csv
      md5: 08a81511a40cfd1d9cd598047cee0041
      size: 1373444
    - path: data/features/train.csv
      md5: ddb501abd83121c3a4d2c45eb120d346
      size: 5487677
    - path: src/train_and_evaluate.py
      md5: a5e44347cad2a954462081f059860df1
      size: 3481
    params:
      params.yaml:
        base:
          random_state: 42
        data_split:
          test_size: 0.2
          trainset_path: data/features/train.csv
          testset_path: data/features/test.csv
        evaluate:
          reports_dir: reports
          metrics_file: metrics.json
          confusion_matrix_image: confusion_matrix.png
          confusion_matrix_data: confusion_matrix_data.csv
        feature_extraction.target_column: status
        train:
          model_path: models/xgb_models.joblib
    outs:
    - path: models/xgb_models.joblib
      md5: 368a65d2769310a6d52e06217a512fe0
      size: 8813712
    - path: reports/confusion_matrix.png
      md5: d76905532d939c4fccafa7869f9f850d
      size: 24622
    - path: reports/metrics.json
      md5: beb7a533d670efabf22a07e88de9e405
      size: 32
