schema: '2.0'
stages:
  preprocessing:
    cmd: python src/preprocessing.py --config=params.yaml
    deps:
    - path: src/preprocessing.py
      md5: 083b86b39d4d7a3fe2f081b0a9a511ba
      size: 1864
    params:
      params.yaml:
        preprocessing:
          db_level: 20
          raw_audio_pos: data/raw/cohort_1_pos.npy
          raw_audio_neg: data/raw/cohort_1_neg.npy
          processed_audio_pos: data/preprocessed/pre_cohort_1_pos.npy
          processed_audio_neg: data/preprocessed/pre_cohort_1_neg.npy
    outs:
    - path: data/preprocessed/pre_cohort_1_neg.npy
      md5: 742357b93931a8c388dfcf0d04b82204
      size: 6174128
    - path: data/preprocessed/pre_cohort_1_pos.npy
      md5: 658e228df19042871bfb02b976e03cfb
      size: 19051328
  feature_extraction:
    cmd: python src/feature_extraction.py --config=params.yaml
    deps:
    - path: data/preprocessed/pre_cohort_1_neg.npy
      md5: 742357b93931a8c388dfcf0d04b82204
      size: 6174128
    - path: data/preprocessed/pre_cohort_1_pos.npy
      md5: 658e228df19042871bfb02b976e03cfb
      size: 19051328
    - path: src/feature_extraction.py
      md5: cb8499a3703b47e12de327ed4a955ba9
      size: 4329
    params:
      params.yaml:
        audio_&_feature:
          sampling_rate: 22050
          axis: 0
          n_mfcc: 20
          n_mels: 20
          fmax: 4000
          n_chroma: 36
        feature_extraction:
          features_path: data/features/covid_features.csv
          target_column: status
        preprocessing:
          db_level: 20
          raw_audio_pos: data/raw/cohort_1_pos.npy
          raw_audio_neg: data/raw/cohort_1_neg.npy
          processed_audio_pos: data/preprocessed/pre_cohort_1_pos.npy
          processed_audio_neg: data/preprocessed/pre_cohort_1_neg.npy
    outs:
    - path: data/features/covid_features.csv
      md5: 9c0748e969775d5a2c7ba59134002ff9
      size: 263162
  data_split:
    cmd: python src/data_split.py --config=params.yaml
    deps:
    - path: data/features/covid_features.csv
      md5: 9c0748e969775d5a2c7ba59134002ff9
      size: 263162
    - path: src/data_split.py
      md5: fbd5e21768c9c6a8e4cbc3a9295977d1
      size: 956
    params:
      params.yaml:
        base:
          random_state: 42
        data_split:
          test_size: 0.2
          trainset_path: data/features/train.csv
          testset_path: data/features/test.csv
        feature_extraction:
          features_path: data/features/covid_features.csv
          target_column: status
    outs:
    - path: data/features/test.csv
      md5: 7538501faa17899248ef50ee29a2224a
      size: 54422
    - path: data/features/train.csv
      md5: a288b38f8f426e4392367ba8f41f57a2
      size: 209881
  train:
    cmd: python src/train_and_evaluate.py --config=params.yaml
    deps:
    - path: data/features/test.csv
      md5: 7538501faa17899248ef50ee29a2224a
      size: 54422
    - path: data/features/train.csv
      md5: a288b38f8f426e4392367ba8f41f57a2
      size: 209881
    - path: src/train_and_evaluate.py
      md5: a5e44347cad2a954462081f059860df1
      size: 3481
    params:
      params.yaml:
        base:
          random_state: 42
        data_split:
          test_size: 0.2
          trainset_path: data/features/train.csv
          testset_path: data/features/test.csv
        evaluate:
          reports_dir: reports
          metrics_file: metrics.json
          confusion_matrix_image: confusion_matrix.png
          confusion_matrix_data: confusion_matrix_data.csv
        feature_extraction.target_column: status
        train:
          model_path: models/xgb_models.joblib
    outs:
    - path: models/xgb_models.joblib
      md5: 1915e5ea0d3a5f24c9fb246d66b94989
      size: 480848
    - path: reports/confusion_matrix.png
      md5: 5c30ef639b7de1d2aefe1c63dca3a655
      size: 24171
    - path: reports/metrics.json
      md5: 77022fff0c93037ab35863c214f7d554
      size: 19
